# THIS IS AN AUTOGENERATED FILE. DO NOT EDIT THIS FILE DIRECTLY.
# yarn lockfile v1


"@zeit/ncc@^0.20.5":
  version "0.20.5"
  resolved "https://registry.npm.taobao.org/@zeit/ncc/download/@zeit/ncc-0.20.5.tgz#a41af6e6bcab4a58f4612bae6137f70bce0192e3"
  integrity sha1-pBr25ryrSlj0YSuuYTf3C84BkuM=

command-exists@1.2.8:
  version "1.2.8"
  resolved "https://registry.npm.taobao.org/command-exists/download/command-exists-1.2.8.tgz#715acefdd1223b9c9b37110a149c6392c2852291"
  integrity sha1-cVrO/dEiO5ybNxEKFJxjksKFIpE=

node-cmd@3.0.0:
  version "3.0.0"
  resolved "https://registry.npm.taobao.org/node-cmd/download/node-cmd-3.0.0.tgz#38fff70a4aaa4f659d203eb57862737018e24f6f"
  integrity sha1-OP/3CkqqT2WdID61eGJzcBjiT28=

rsyncwrapper@3.0.1:
  version "3.0.1"
  resolved "https://registry.npm.taobao.org/rsyncwrapper/download/rsyncwrapper-3.0.1.tgz#018856c2403829e8947715096e69326a4383ba76"
  integrity sha1-AYhWwkA4KeiUdxUJbmkyakODunY=
